
Microsoft Visual Studio Solution File, Format Version 12.00
# Visual Studio Version 17
VisualStudioVersion = 17.5.001.0
MinimumVisualStudioVersion = 10.0.40219.1
Project("{9A19103F-16F7-4668-BE54-9A1E7A4F7556}") = "task_1", "task_1.csproj", "{00A1B698-9FEB-4E00-BD82-D9B1845719AB}"
EndProject
Global
	GlobalSection(SolutionConfigurationPlatforms) = preSolution
		Debug|Any CPU = Debug|Any CPU
		Release|Any CPU = Release|Any CPU
	EndGlobalSection
	GlobalSection(ProjectConfigurationPlatforms) = postSolution
		{00A1B698-9FEB-4E00-BD82-D9B1845719AB}.Debug|Any CPU.ActiveCfg = Debug|Any CPU
		{00A1B698-9FEB-4E00-BD82-D9B1845719AB}.Debug|Any CPU.Build.0 = Debug|Any CPU
		{00A1B698-9FEB-4E00-BD82-D9B1845719AB}.Release|Any CPU.ActiveCfg = Release|Any CPU
		{00A1B698-9FEB-4E00-BD82-D9B1845719AB}.Release|Any CPU.Build.0 = Release|Any CPU
	EndGlobalSection
	GlobalSection(SolutionProperties) = preSolution
		HideSolutionNode = FALSE
	EndGlobalSection
	GlobalSection(ExtensibilityGlobals) = postSolution
		SolutionGuid = {A47FCB79-CFA4-429F-99C9-CBFD9367C224}
	EndGlobalSection
EndGlobal
